<?xml version="1.0" encoding="utf-8"?>
<Project ToolsVersion="4.0" xmlns="http://schemas.microsoft.com/developer/msbuild/2003">
  <ItemGroup>
    <Filter Include="Source Files">
      <UniqueIdentifier>{61137ab9-e5d6-40aa-b4d2-fd7c37362384}</UniqueIdentifier>
      <Extensions>cpp;c;cxx;rc;def;r;odl;idl;hpj;bat</Extensions>
    </Filter>
    <Filter Include="Header Files">
      <UniqueIdentifier>{f8f67435-8532-4adb-9a9f-1448dde1e1b0}</UniqueIdentifier>
      <Extensions>h;hpp;hxx;hm;inl</Extensions>
    </Filter>
    <Filter Include="Resource Files">
      <UniqueIdentifier>{7fe30756-beef-4c13-9c00-d1b96421f0bf}</UniqueIdentifier>
      <Extensions>ico;cur;bmp;dlg;rc2;rct;bin;rgs;gif;jpg;jpeg;jpe</Extensions>
    </Filter>
  </ItemGroup>
  <ItemGroup>
    <ClCompile Include="dialogs\MailSendDlg.cpp">
      <Filter>Source Files</Filter>
    </ClCompile>
    <ClCompile Include="ManagerAPISample.cpp">
      <Filter>Source Files</Filter>
    </ClCompile>
    <ClCompile Include="ManagerSheet.cpp">
      <Filter>Source Files</Filter>
    </ClCompile>
    <ClCompile Include="dialogs\newssenddlg.cpp">
      <Filter>Source Files</Filter>
    </ClCompile>
    <ClCompile Include="PageDaily.cpp">
      <Filter>Source Files</Filter>
    </ClCompile>
    <ClCompile Include="PageDealer.cpp">
      <Filter>Source Files</Filter>
    </ClCompile>
    <ClCompile Include="PageExposure.cpp">
      <Filter>Source Files</Filter>
    </ClCompile>
    <ClCompile Include="PageJournal.cpp">
      <Filter>Source Files</Filter>
    </ClCompile>
    <ClCompile Include="PageLogs.cpp">
      <Filter>Source Files</Filter>
    </ClCompile>
    <ClCompile Include="PageMailbox.cpp">
      <Filter>Source Files</Filter>
    </ClCompile>
    <ClCompile Include="PageMain.cpp">
      <Filter>Source Files</Filter>
    </ClCompile>
    <ClCompile Include="PageMargin.cpp">
      <Filter>Source Files</Filter>
    </ClCompile>
    <ClCompile Include="PageMW.cpp">
      <Filter>Source Files</Filter>
    </ClCompile>
    <ClCompile Include="PageNews.cpp">
      <Filter>Source Files</Filter>
    </ClCompile>
    <ClCompile Include="PageOnline.cpp">
      <Filter>Source Files</Filter>
    </ClCompile>
    <ClCompile Include="PageOrders.cpp">
      <Filter>Source Files</Filter>
    </ClCompile>
    <ClCompile Include="PagePlugins.cpp">
      <Filter>Source Files</Filter>
    </ClCompile>
    <ClCompile Include="PageReports.cpp">
      <Filter>Source Files</Filter>
    </ClCompile>
    <ClCompile Include="PageRequests.cpp">
      <Filter>Source Files</Filter>
    </ClCompile>
    <ClCompile Include="pagesummary.cpp">
      <Filter>Source Files</Filter>
    </ClCompile>
    <ClCompile Include="PageSymbols.cpp">
      <Filter>Source Files</Filter>
    </ClCompile>
    <ClCompile Include="PageUsers.cpp">
      <Filter>Source Files</Filter>
    </ClCompile>
    <ClCompile Include="dialogs\requestdlg.cpp">
      <Filter>Source Files</Filter>
    </ClCompile>
    <ClCompile Include="StdAfx.cpp">
      <Filter>Source Files</Filter>
    </ClCompile>
    <ClCompile Include="dialogs\symbolchangedlg.cpp">
      <Filter>Source Files</Filter>
    </ClCompile>
    <ClCompile Include="dialogs\userbalancedlg.cpp">
      <Filter>Source Files</Filter>
    </ClCompile>
    <ClCompile Include="dialogs\usergroupdlg.cpp">
      <Filter>Source Files</Filter>
    </ClCompile>
    <ClCompile Include="dialogs\userhistorydlg.cpp">
      <Filter>Source Files</Filter>
    </ClCompile>
    <ClCompile Include="dialogs\usernewdlg.cpp">
      <Filter>Source Files</Filter>
    </ClCompile>
    <ClCompile Include="dialogs\userupdatedlg.cpp">
      <Filter>Source Files</Filter>
    </ClCompile>
  </ItemGroup>
  <ItemGroup>
    <ClInclude Include="dialogs\MailSendDlg.h">
      <Filter>Header Files</Filter>
    </ClInclude>
    <ClInclude Include="ManagerAPISample.h">
      <Filter>Header Files</Filter>
    </ClInclude>
    <ClInclude Include="ManagerSheet.h">
      <Filter>Header Files</Filter>
    </ClInclude>
    <ClInclude Include="dialogs\newssenddlg.h">
      <Filter>Header Files</Filter>
    </ClInclude>
    <ClInclude Include="PageDaily.h">
      <Filter>Header Files</Filter>
    </ClInclude>
    <ClInclude Include="PageDealer.h">
      <Filter>Header Files</Filter>
    </ClInclude>
    <ClInclude Include="PageExposure.h">
      <Filter>Header Files</Filter>
    </ClInclude>
    <ClInclude Include="PageJournal.h">
      <Filter>Header Files</Filter>
    </ClInclude>
    <ClInclude Include="PageLogs.h">
      <Filter>Header Files</Filter>
    </ClInclude>
    <ClInclude Include="PageMailbox.h">
      <Filter>Header Files</Filter>
    </ClInclude>
    <ClInclude Include="PageMain.h">
      <Filter>Header Files</Filter>
    </ClInclude>
    <ClInclude Include="PageMargin.h">
      <Filter>Header Files</Filter>
    </ClInclude>
    <ClInclude Include="PageMW.h">
      <Filter>Header Files</Filter>
    </ClInclude>
    <ClInclude Include="PageNews.h">
      <Filter>Header Files</Filter>
    </ClInclude>
    <ClInclude Include="PageOnline.h">
      <Filter>Header Files</Filter>
    </ClInclude>
    <ClInclude Include="PageOrders.h">
      <Filter>Header Files</Filter>
    </ClInclude>
    <ClInclude Include="PagePlugins.h">
      <Filter>Header Files</Filter>
    </ClInclude>
    <ClInclude Include="PageReports.h">
      <Filter>Header Files</Filter>
    </ClInclude>
    <ClInclude Include="PageRequests.h">
      <Filter>Header Files</Filter>
    </ClInclude>
    <ClInclude Include="pagesummary.h">
      <Filter>Header Files</Filter>
    </ClInclude>
    <ClInclude Include="PageSymbols.h">
      <Filter>Header Files</Filter>
    </ClInclude>
    <ClInclude Include="PageUsers.h">
      <Filter>Header Files</Filter>
    </ClInclude>
    <ClInclude Include="dialogs\requestdlg.h">
      <Filter>Header Files</Filter>
    </ClInclude>
    <ClInclude Include="Resource.h">
      <Filter>Header Files</Filter>
    </ClInclude>
    <ClInclude Include="StdAfx.h">
      <Filter>Header Files</Filter>
    </ClInclude>
    <ClInclude Include="dialogs\symbolchangedlg.h">
      <Filter>Header Files</Filter>
    </ClInclude>
    <ClInclude Include="dialogs\userbalancedlg.h">
      <Filter>Header Files</Filter>
    </ClInclude>
    <ClInclude Include="dialogs\usergroupdlg.h">
      <Filter>Header Files</Filter>
    </ClInclude>
    <ClInclude Include="dialogs\userhistorydlg.h">
      <Filter>Header Files</Filter>
    </ClInclude>
    <ClInclude Include="dialogs\usernewdlg.h">
      <Filter>Header Files</Filter>
    </ClInclude>
    <ClInclude Include="dialogs\userupdatedlg.h">
      <Filter>Header Files</Filter>
    </ClInclude>
  </ItemGroup>
  <ItemGroup>
    <None Include="res\ManagerAPISample.ico">
      <Filter>Resource Files</Filter>
    </None>
    <None Include="res\ManagerAPISample.rc2">
      <Filter>Resource Files</Filter>
    </None>
  </ItemGroup>
  <ItemGroup>
    <ResourceCompile Include="ManagerAPISample.rc">
      <Filter>Resource Files</Filter>
    </ResourceCompile>
  </ItemGroup>
</Project>